
Microsoft Visual Studio Solution File, Format Version 12.00
# Visual Studio Version 17
VisualStudioVersion = 17.0.31903.59
MinimumVisualStudioVersion = 10.0.40219.1
Project("{2150E333-8FDC-42A3-9474-1A3956D46DE8}") = "src", "src", "{722691C4-EF38-489C-B03E-B53D3C941470}"
EndProject
Project("{2150E333-8FDC-42A3-9474-1A3956D46DE8}") = "test", "test", "{1F6EFB69-0F39-4B4B-B529-B583B801C845}"
EndProject
Project("{2150E333-8FDC-42A3-9474-1A3956D46DE8}") = ".items", ".items", "{D067ACD1-856A-43B9-85DC-5ACDE6F09AA7}"
	ProjectSection(SolutionItems) = preProject
		.editorconfig = .editorconfig
		..\ADR.md = ..\ADR.md
		Directory.Build.props = Directory.Build.props
		..\README.md = ..\README.md
		tests.targets = tests.targets
	EndProjectSection
EndProject
Project("{9A19103F-16F7-4668-BE54-9A1E7A4F7556}") = "RoyalIdentity.Endpoints", "RoyalIdentity.Endpoints\RoyalIdentity.Endpoints.csproj", "{F0540AEC-DBE1-4C1C-B9FA-77ACD5CB423F}"
EndProject
Project("{9A19103F-16F7-4668-BE54-9A1E7A4F7556}") = "RoyalIdentity.Pipelines", "RoyalIdentity.Pipelines\RoyalIdentity.Pipelines.csproj", "{3C14DFE1-F43F-4983-A629-CF416B24CED4}"
EndProject
Project("{9A19103F-16F7-4668-BE54-9A1E7A4F7556}") = "Tests.Endpoints", "Tests.Endpoints\Tests.Endpoints.csproj", "{7E10B637-9E82-4C45-A920-7603A25CA34A}"
EndProject
Project("{9A19103F-16F7-4668-BE54-9A1E7A4F7556}") = "Tests.Pipelines", "Tests.Pipelines\Tests.Pipelines.csproj", "{D5DE8A1E-065C-4022-B1FB-A843E6184F8F}"
EndProject
Project("{9A19103F-16F7-4668-BE54-9A1E7A4F7556}") = "RoyalIdentity.Storage.InMemory", "RoyalIdentity.Storage.InMemory\RoyalIdentity.Storage.InMemory.csproj", "{D55297E5-CABE-42EA-9C6A-84C5D8B59D01}"
EndProject
Project("{9A19103F-16F7-4668-BE54-9A1E7A4F7556}") = "RoyalIdentity", "RoyalIdentity\RoyalIdentity.csproj", "{CB565CB0-DA53-4BA4-9AD8-46543AED5E9B}"
EndProject
Project("{2150E333-8FDC-42A3-9474-1A3956D46DE8}") = "host", "host", "{D3D28FDF-F0A2-4AA5-8215-CAE555330C19}"
EndProject
Project("{9A19103F-16F7-4668-BE54-9A1E7A4F7556}") = "RoyalIdentity.Server", "RoyalIdentity.Server\RoyalIdentity.Server.csproj", "{4DF7E5C8-3EEB-4017-82A4-F4564EA56CC0}"
EndProject
Project("{9A19103F-16F7-4668-BE54-9A1E7A4F7556}") = "Tests.WebApp", "Tests.WebApp\Tests.WebApp.csproj", "{9B329235-5C50-4FFD-ABDF-2D6C680ADC45}"
EndProject
Project("{9A19103F-16F7-4668-BE54-9A1E7A4F7556}") = "Tests.Identity", "Tests.Identity\Tests.Identity.csproj", "{F1986AC4-78E3-440A-BCAA-CF483E097D5D}"
EndProject
Project("{2150E333-8FDC-42A3-9474-1A3956D46DE8}") = "adrs", "adrs", "{071A853D-594E-486C-985F-4C433A1E2DB6}"
	ProjectSection(SolutionItems) = preProject
		..\adrs\ADR-001.md = ..\adrs\ADR-001.md
	EndProjectSection
EndProject
Project("{FAE04EC0-301F-11D3-BF4B-00C04F79EFBC}") = "Tests.Integration", "Tests.Integration\Tests.Integration.csproj", "{79B3F4EE-4C57-421B-92CC-5BF86473C9D1}"
EndProject
Project("{FAE04EC0-301F-11D3-BF4B-00C04F79EFBC}") = "Tests.Host", "Tests.Host\Tests.Host.csproj", "{4680BB40-C43E-4054-B787-59376A66D98A}"
EndProject
Project("{FAE04EC0-301F-11D3-BF4B-00C04F79EFBC}") = "RoyalIdentity.Razor", "RoyalIdentity.Razor\RoyalIdentity.Razor.csproj", "{FC79D48E-0400-47A1-B3BB-77246E712A8D}"
EndProject
Global
	GlobalSection(SolutionConfigurationPlatforms) = preSolution
		Debug|Any CPU = Debug|Any CPU
		Release|Any CPU = Release|Any CPU
	EndGlobalSection
	GlobalSection(ProjectConfigurationPlatforms) = postSolution
		{F0540AEC-DBE1-4C1C-B9FA-77ACD5CB423F}.Debug|Any CPU.ActiveCfg = Debug|Any CPU
		{F0540AEC-DBE1-4C1C-B9FA-77ACD5CB423F}.Debug|Any CPU.Build.0 = Debug|Any CPU
		{F0540AEC-DBE1-4C1C-B9FA-77ACD5CB423F}.Release|Any CPU.ActiveCfg = Release|Any CPU
		{F0540AEC-DBE1-4C1C-B9FA-77ACD5CB423F}.Release|Any CPU.Build.0 = Release|Any CPU
		{3C14DFE1-F43F-4983-A629-CF416B24CED4}.Debug|Any CPU.ActiveCfg = Debug|Any CPU
		{3C14DFE1-F43F-4983-A629-CF416B24CED4}.Debug|Any CPU.Build.0 = Debug|Any CPU
		{3C14DFE1-F43F-4983-A629-CF416B24CED4}.Release|Any CPU.ActiveCfg = Release|Any CPU
		{3C14DFE1-F43F-4983-A629-CF416B24CED4}.Release|Any CPU.Build.0 = Release|Any CPU
		{7E10B637-9E82-4C45-A920-7603A25CA34A}.Debug|Any CPU.ActiveCfg = Debug|Any CPU
		{7E10B637-9E82-4C45-A920-7603A25CA34A}.Debug|Any CPU.Build.0 = Debug|Any CPU
		{7E10B637-9E82-4C45-A920-7603A25CA34A}.Release|Any CPU.ActiveCfg = Release|Any CPU
		{7E10B637-9E82-4C45-A920-7603A25CA34A}.Release|Any CPU.Build.0 = Release|Any CPU
		{D5DE8A1E-065C-4022-B1FB-A843E6184F8F}.Debug|Any CPU.ActiveCfg = Debug|Any CPU
		{D5DE8A1E-065C-4022-B1FB-A843E6184F8F}.Debug|Any CPU.Build.0 = Debug|Any CPU
		{D5DE8A1E-065C-4022-B1FB-A843E6184F8F}.Release|Any CPU.ActiveCfg = Release|Any CPU
		{D5DE8A1E-065C-4022-B1FB-A843E6184F8F}.Release|Any CPU.Build.0 = Release|Any CPU
		{D55297E5-CABE-42EA-9C6A-84C5D8B59D01}.Debug|Any CPU.ActiveCfg = Debug|Any CPU
		{D55297E5-CABE-42EA-9C6A-84C5D8B59D01}.Debug|Any CPU.Build.0 = Debug|Any CPU
		{D55297E5-CABE-42EA-9C6A-84C5D8B59D01}.Release|Any CPU.ActiveCfg = Release|Any CPU
		{D55297E5-CABE-42EA-9C6A-84C5D8B59D01}.Release|Any CPU.Build.0 = Release|Any CPU
		{CB565CB0-DA53-4BA4-9AD8-46543AED5E9B}.Debug|Any CPU.ActiveCfg = Debug|Any CPU
		{CB565CB0-DA53-4BA4-9AD8-46543AED5E9B}.Debug|Any CPU.Build.0 = Debug|Any CPU
		{CB565CB0-DA53-4BA4-9AD8-46543AED5E9B}.Release|Any CPU.ActiveCfg = Release|Any CPU
		{CB565CB0-DA53-4BA4-9AD8-46543AED5E9B}.Release|Any CPU.Build.0 = Release|Any CPU
		{4DF7E5C8-3EEB-4017-82A4-F4564EA56CC0}.Debug|Any CPU.ActiveCfg = Debug|Any CPU
		{4DF7E5C8-3EEB-4017-82A4-F4564EA56CC0}.Debug|Any CPU.Build.0 = Debug|Any CPU
		{4DF7E5C8-3EEB-4017-82A4-F4564EA56CC0}.Release|Any CPU.ActiveCfg = Release|Any CPU
		{4DF7E5C8-3EEB-4017-82A4-F4564EA56CC0}.Release|Any CPU.Build.0 = Release|Any CPU
		{9B329235-5C50-4FFD-ABDF-2D6C680ADC45}.Debug|Any CPU.ActiveCfg = Debug|Any CPU
		{9B329235-5C50-4FFD-ABDF-2D6C680ADC45}.Debug|Any CPU.Build.0 = Debug|Any CPU
		{9B329235-5C50-4FFD-ABDF-2D6C680ADC45}.Release|Any CPU.ActiveCfg = Release|Any CPU
		{9B329235-5C50-4FFD-ABDF-2D6C680ADC45}.Release|Any CPU.Build.0 = Release|Any CPU
		{F1986AC4-78E3-440A-BCAA-CF483E097D5D}.Debug|Any CPU.ActiveCfg = Debug|Any CPU
		{F1986AC4-78E3-440A-BCAA-CF483E097D5D}.Debug|Any CPU.Build.0 = Debug|Any CPU
		{F1986AC4-78E3-440A-BCAA-CF483E097D5D}.Release|Any CPU.ActiveCfg = Release|Any CPU
		{F1986AC4-78E3-440A-BCAA-CF483E097D5D}.Release|Any CPU.Build.0 = Release|Any CPU
		{79B3F4EE-4C57-421B-92CC-5BF86473C9D1}.Debug|Any CPU.ActiveCfg = Debug|Any CPU
		{79B3F4EE-4C57-421B-92CC-5BF86473C9D1}.Debug|Any CPU.Build.0 = Debug|Any CPU
		{79B3F4EE-4C57-421B-92CC-5BF86473C9D1}.Release|Any CPU.ActiveCfg = Release|Any CPU
		{79B3F4EE-4C57-421B-92CC-5BF86473C9D1}.Release|Any CPU.Build.0 = Release|Any CPU
		{4680BB40-C43E-4054-B787-59376A66D98A}.Debug|Any CPU.ActiveCfg = Debug|Any CPU
		{4680BB40-C43E-4054-B787-59376A66D98A}.Debug|Any CPU.Build.0 = Debug|Any CPU
		{4680BB40-C43E-4054-B787-59376A66D98A}.Release|Any CPU.ActiveCfg = Release|Any CPU
		{4680BB40-C43E-4054-B787-59376A66D98A}.Release|Any CPU.Build.0 = Release|Any CPU
		{FC79D48E-0400-47A1-B3BB-77246E712A8D}.Debug|Any CPU.ActiveCfg = Debug|Any CPU
		{FC79D48E-0400-47A1-B3BB-77246E712A8D}.Debug|Any CPU.Build.0 = Debug|Any CPU
		{FC79D48E-0400-47A1-B3BB-77246E712A8D}.Release|Any CPU.ActiveCfg = Release|Any CPU
		{FC79D48E-0400-47A1-B3BB-77246E712A8D}.Release|Any CPU.Build.0 = Release|Any CPU
	EndGlobalSection
	GlobalSection(SolutionProperties) = preSolution
		HideSolutionNode = FALSE
	EndGlobalSection
	GlobalSection(NestedProjects) = preSolution
		{F0540AEC-DBE1-4C1C-B9FA-77ACD5CB423F} = {722691C4-EF38-489C-B03E-B53D3C941470}
		{3C14DFE1-F43F-4983-A629-CF416B24CED4} = {722691C4-EF38-489C-B03E-B53D3C941470}
		{7E10B637-9E82-4C45-A920-7603A25CA34A} = {1F6EFB69-0F39-4B4B-B529-B583B801C845}
		{D5DE8A1E-065C-4022-B1FB-A843E6184F8F} = {1F6EFB69-0F39-4B4B-B529-B583B801C845}
		{D55297E5-CABE-42EA-9C6A-84C5D8B59D01} = {722691C4-EF38-489C-B03E-B53D3C941470}
		{CB565CB0-DA53-4BA4-9AD8-46543AED5E9B} = {722691C4-EF38-489C-B03E-B53D3C941470}
		{4DF7E5C8-3EEB-4017-82A4-F4564EA56CC0} = {D3D28FDF-F0A2-4AA5-8215-CAE555330C19}
		{9B329235-5C50-4FFD-ABDF-2D6C680ADC45} = {1F6EFB69-0F39-4B4B-B529-B583B801C845}
		{F1986AC4-78E3-440A-BCAA-CF483E097D5D} = {1F6EFB69-0F39-4B4B-B529-B583B801C845}
		{071A853D-594E-486C-985F-4C433A1E2DB6} = {D067ACD1-856A-43B9-85DC-5ACDE6F09AA7}
		{79B3F4EE-4C57-421B-92CC-5BF86473C9D1} = {1F6EFB69-0F39-4B4B-B529-B583B801C845}
		{4680BB40-C43E-4054-B787-59376A66D98A} = {1F6EFB69-0F39-4B4B-B529-B583B801C845}
		{FC79D48E-0400-47A1-B3BB-77246E712A8D} = {722691C4-EF38-489C-B03E-B53D3C941470}
	EndGlobalSection
	GlobalSection(ExtensibilityGlobals) = postSolution
		SolutionGuid = {A22735B7-0B63-4698-8CF5-359FC47E98DD}
	EndGlobalSection
EndGlobal
